
Microsoft Visual Studio Solution File, Format Version 12.00
# Visual Studio 15
VisualStudioVersion = 15.0.28307.271
MinimumVisualStudioVersion = 10.0.40219.1
Project("{FAE04EC0-301F-11D3-BF4B-00C04F79EFBC}") = "UtrkaAutomobila", "UtrkaAutomobila\UtrkaAutomobila.csproj", "{B4DAD583-0838-42D2-A011-1F705E380A90}"
EndProject
Global
	GlobalSection(SolutionConfigurationPlatforms) = preSolution
		Debug|Any CPU = Debug|Any CPU
		Release|Any CPU = Release|Any CPU
	EndGlobalSection
	GlobalSection(ProjectConfigurationPlatforms) = postSolution
		{B4DAD583-0838-42D2-A011-1F705E380A90}.Debug|Any CPU.ActiveCfg = Debug|Any CPU
		{B4DAD583-0838-42D2-A011-1F705E380A90}.Debug|Any CPU.Build.0 = Debug|Any CPU
		{B4DAD583-0838-42D2-A011-1F705E380A90}.Release|Any CPU.ActiveCfg = Release|Any CPU
		{B4DAD583-0838-42D2-A011-1F705E380A90}.Release|Any CPU.Build.0 = Release|Any CPU
	EndGlobalSection
	GlobalSection(SolutionProperties) = preSolution
		HideSolutionNode = FALSE
	EndGlobalSection
	GlobalSection(ExtensibilityGlobals) = postSolution
		SolutionGuid = {D38F976B-A2DF-41D8-B37F-50C8F8F5907F}
	EndGlobalSection
EndGlobal
